
Microsoft Visual Studio Solution File, Format Version 12.00
# Visual Studio Version 16
VisualStudioVersion = 16.0.30804.86
MinimumVisualStudioVersion = 10.0.40219.1
Project("{FAE04EC0-301F-11D3-BF4B-00C04F79EFBC}") = "Scraping Data", "Scraping Data\Scraping Data.csproj", "{621E4D8A-C58F-4608-B3D8-EF47C34A77EF}"
EndProject
Global
	GlobalSection(SolutionConfigurationPlatforms) = preSolution
		Debug|Any CPU = Debug|Any CPU
		Release|Any CPU = Release|Any CPU
	EndGlobalSection
	GlobalSection(ProjectConfigurationPlatforms) = postSolution
		{621E4D8A-C58F-4608-B3D8-EF47C34A77EF}.Debug|Any CPU.ActiveCfg = Debug|Any CPU
		{621E4D8A-C58F-4608-B3D8-EF47C34A77EF}.Debug|Any CPU.Build.0 = Debug|Any CPU
		{621E4D8A-C58F-4608-B3D8-EF47C34A77EF}.Release|Any CPU.ActiveCfg = Release|Any CPU
		{621E4D8A-C58F-4608-B3D8-EF47C34A77EF}.Release|Any CPU.Build.0 = Release|Any CPU
	EndGlobalSection
	GlobalSection(SolutionProperties) = preSolution
		HideSolutionNode = FALSE
	EndGlobalSection
	GlobalSection(ExtensibilityGlobals) = postSolution
		SolutionGuid = {53452038-F14D-440D-8D01-478C7EA25F69}
	EndGlobalSection
EndGlobal
